
Microsoft Visual Studio Solution File, Format Version 12.00
# Visual Studio 14
VisualStudioVersion = 14.0.25123.0
MinimumVisualStudioVersion = 10.0.40219.1
Project("{FAE04EC0-301F-11D3-BF4B-00C04F79EFBC}") = "QRCodePresenter", "QRCodePresenter\QRCodePresenter.csproj", "{AC3A1DAC-FD9E-445F-9014-C0B02D692B52}"
EndProject
Project("{FAE04EC0-301F-11D3-BF4B-00C04F79EFBC}") = "Cipher", "..\Cipher\Cipher.csproj", "{B67917A3-D89D-4426-8D07-8112F6096AA8}"
EndProject
Global
	GlobalSection(SolutionConfigurationPlatforms) = preSolution
		Debug|Any CPU = Debug|Any CPU
		Release|Any CPU = Release|Any CPU
	EndGlobalSection
	GlobalSection(ProjectConfigurationPlatforms) = postSolution
		{AC3A1DAC-FD9E-445F-9014-C0B02D692B52}.Debug|Any CPU.ActiveCfg = Debug|Any CPU
		{AC3A1DAC-FD9E-445F-9014-C0B02D692B52}.Debug|Any CPU.Build.0 = Debug|Any CPU
		{AC3A1DAC-FD9E-445F-9014-C0B02D692B52}.Release|Any CPU.ActiveCfg = Release|Any CPU
		{AC3A1DAC-FD9E-445F-9014-C0B02D692B52}.Release|Any CPU.Build.0 = Release|Any CPU
		{B67917A3-D89D-4426-8D07-8112F6096AA8}.Debug|Any CPU.ActiveCfg = Debug|Any CPU
		{B67917A3-D89D-4426-8D07-8112F6096AA8}.Debug|Any CPU.Build.0 = Debug|Any CPU
		{B67917A3-D89D-4426-8D07-8112F6096AA8}.Release|Any CPU.ActiveCfg = Release|Any CPU
		{B67917A3-D89D-4426-8D07-8112F6096AA8}.Release|Any CPU.Build.0 = Release|Any CPU
	EndGlobalSection
	GlobalSection(SolutionProperties) = preSolution
		HideSolutionNode = FALSE
	EndGlobalSection
EndGlobal
